
Microsoft Visual Studio Solution File, Format Version 12.00
# Visual Studio Version 17
VisualStudioVersion = 17.4.33110.190
MinimumVisualStudioVersion = 10.0.40219.1
Project("{8BC9CEB8-8B4A-11D0-8D11-00A0C91BC942}") = "main-project", "main-project\main-project.vcxproj", "{51574CE4-7DF5-4A8D-B903-759BF6890EBD}"
EndProject
Project("{8BC9CEB8-8B4A-11D0-8D11-00A0C91BC942}") = "unit-test-project", "unit-test-project\unit-test-project.vcxproj", "{6F1890A2-E4CD-4E0E-87A6-16CE7EF55232}"
EndProject
Global
	GlobalSection(SolutionConfigurationPlatforms) = preSolution
		Debug|x64 = Debug|x64
		Debug|x86 = Debug|x86
		Release|x64 = Release|x64
		Release|x86 = Release|x86
	EndGlobalSection
	GlobalSection(ProjectConfigurationPlatforms) = postSolution
		{51574CE4-7DF5-4A8D-B903-759BF6890EBD}.Debug|x64.ActiveCfg = Debug|x64
		{51574CE4-7DF5-4A8D-B903-759BF6890EBD}.Debug|x64.Build.0 = Debug|x64
		{51574CE4-7DF5-4A8D-B903-759BF6890EBD}.Debug|x86.ActiveCfg = Debug|Win32
		{51574CE4-7DF5-4A8D-B903-759BF6890EBD}.Debug|x86.Build.0 = Debug|Win32
		{51574CE4-7DF5-4A8D-B903-759BF6890EBD}.Release|x64.ActiveCfg = Release|x64
		{51574CE4-7DF5-4A8D-B903-759BF6890EBD}.Release|x64.Build.0 = Release|x64
		{51574CE4-7DF5-4A8D-B903-759BF6890EBD}.Release|x86.ActiveCfg = Release|Win32
		{51574CE4-7DF5-4A8D-B903-759BF6890EBD}.Release|x86.Build.0 = Release|Win32
		{6F1890A2-E4CD-4E0E-87A6-16CE7EF55232}.Debug|x64.ActiveCfg = Debug|x64
		{6F1890A2-E4CD-4E0E-87A6-16CE7EF55232}.Debug|x64.Build.0 = Debug|x64
		{6F1890A2-E4CD-4E0E-87A6-16CE7EF55232}.Debug|x86.ActiveCfg = Debug|Win32
		{6F1890A2-E4CD-4E0E-87A6-16CE7EF55232}.Debug|x86.Build.0 = Debug|Win32
		{6F1890A2-E4CD-4E0E-87A6-16CE7EF55232}.Release|x64.ActiveCfg = Release|x64
		{6F1890A2-E4CD-4E0E-87A6-16CE7EF55232}.Release|x64.Build.0 = Release|x64
		{6F1890A2-E4CD-4E0E-87A6-16CE7EF55232}.Release|x86.ActiveCfg = Release|Win32
		{6F1890A2-E4CD-4E0E-87A6-16CE7EF55232}.Release|x86.Build.0 = Release|Win32
	EndGlobalSection
	GlobalSection(SolutionProperties) = preSolution
		HideSolutionNode = FALSE
	EndGlobalSection
	GlobalSection(ExtensibilityGlobals) = postSolution
		SolutionGuid = {AEA438C9-19B6-47BE-AC75-76E639D39633}
	EndGlobalSection
EndGlobal
